{
  "name": "52games",
  "version": "1.0.0",
  "lockfileVersion": 2,
  "requires": true,
  "packages": {
    "": {
      "name": "52games",
      "version": "1.0.0",
      "license": "ISC",
      "dependencies": {
        "grid": "github:adampaulukanis/Grid"
      }
    },
    "node_modules/grid": {
      "version": "1.0.0",
      "resolved": "git+ssh://git@github.com/adampaulukanis/Grid.git#83aae25b921c3e376045f8462c5c263a38745b25",
      "license": "ISC"
    }
  },
  "dependencies": {
    "grid": {
      "version": "git+ssh://git@github.com/adampaulukanis/Grid.git#83aae25b921c3e376045f8462c5c263a38745b25",
      "from": "grid@github:adampaulukanis/Grid"
    }
  }
}
